// !$*UTF8*$!
{
	archiveVersion = 1;
	classes = {
	};
	objectVersion = 77;
	objects = {

/* Begin PBXBuildFile section */
		3B5B1976029E96F1DAC73714 /* Assets.xcassets in Resources */ = {isa = PBXBuildFile; fileRef = E892F528E1E6138EA22D02BF /* Assets.xcassets */; };
		47215779765AF2AED56305A0 /* RemoteCommand.swift in Sources */ = {isa = PBXBuildFile; fileRef = A7F5558556F73BD9D0E4CC00 /* RemoteCommand.swift */; };
		5A3160CC9FF75E3A124573B5 /* SubscriptionStatus.swift in Sources */ = {isa = PBXBuildFile; fileRef = CE0755ADB94F64C4573E4472 /* SubscriptionStatus.swift */; };
		6607F2F360BB1A401D0923EC /* iPhoneConnectionManager.swift in Sources */ = {isa = PBXBuildFile; fileRef = 0536DC76CB56D17D38CE4967 /* iPhoneConnectionManager.swift */; };
		708773B36987594A56DB6BCA /* PresentationRemoteiPhoneApp.swift in Sources */ = {isa = PBXBuildFile; fileRef = 9273CC1857345E5A39F66E70 /* PresentationRemoteiPhoneApp.swift */; };
		81B6CFB949406AD25A7D3F27 /* KeystrokeSender.swift in Sources */ = {isa = PBXBuildFile; fileRef = C62DDB26AE1C5B0B805603A4 /* KeystrokeSender.swift */; };
		9EC735EED3C5D1F9A5785CB1 /* SubscriptionManager.swift in Sources */ = {isa = PBXBuildFile; fileRef = 9D622639AAE664798131DBE8 /* SubscriptionManager.swift */; };
		9F0BDD5FF61D75E8EF516B1D /* PresentationRemoteMacApp.swift in Sources */ = {isa = PBXBuildFile; fileRef = 7FF51B3E0128389B70FDB8C2 /* PresentationRemoteMacApp.swift */; };
		A231896F9556614CDA55DA88 /* Assets.xcassets in Resources */ = {isa = PBXBuildFile; fileRef = 29A317F5BD53B10BAFB24A18 /* Assets.xcassets */; };
		B7440A8D7607A01AEE7B8C2C /* PaywallView.swift in Sources */ = {isa = PBXBuildFile; fileRef = 2C8441DEAF646603BD39313A /* PaywallView.swift */; };
		DA8D7CB6F683BB3186215F63 /* PresentationTimer.swift in Sources */ = {isa = PBXBuildFile; fileRef = F13C37854B2C28052D02654E /* PresentationTimer.swift */; };
		EE58FC6753DBB5B13C18F9A9 /* MacConnectionManager.swift in Sources */ = {isa = PBXBuildFile; fileRef = 1FCEF57C347E0C25B203339B /* MacConnectionManager.swift */; };
		F07DE7217F3053732713ACEE /* RemoteCommand.swift in Sources */ = {isa = PBXBuildFile; fileRef = A7F5558556F73BD9D0E4CC00 /* RemoteCommand.swift */; };
		F92EF6511FAA8AC06BC791A0 /* TrialTracker.swift in Sources */ = {isa = PBXBuildFile; fileRef = 545DC8F6FB52F930E306F39C /* TrialTracker.swift */; };
/* End PBXBuildFile section */

/* Begin PBXFileReference section */
		0536DC76CB56D17D38CE4967 /* iPhoneConnectionManager.swift */ = {isa = PBXFileReference; lastKnownFileType = sourcecode.swift; path = iPhoneConnectionManager.swift; sourceTree = "<group>"; };
		13B706B9645E7BBBE3822D74 /* ClickeriOS.app */ = {isa = PBXFileReference; includeInIndex = 0; lastKnownFileType = wrapper.application; path = ClickeriOS.app; sourceTree = BUILT_PRODUCTS_DIR; };
		1FCEF57C347E0C25B203339B /* MacConnectionManager.swift */ = {isa = PBXFileReference; lastKnownFileType = sourcecode.swift; path = MacConnectionManager.swift; sourceTree = "<group>"; };
		29A317F5BD53B10BAFB24A18 /* Assets.xcassets */ = {isa = PBXFileReference; lastKnownFileType = folder.assetcatalog; path = Assets.xcassets; sourceTree = "<group>"; };
		2C8441DEAF646603BD39313A /* PaywallView.swift */ = {isa = PBXFileReference; lastKnownFileType = sourcecode.swift; path = PaywallView.swift; sourceTree = "<group>"; };
		4D141D33DB4614EA15B3C3A7 /* ClickerMac.app */ = {isa = PBXFileReference; explicitFileType = wrapper.application; includeInIndex = 0; path = ClickerMac.app; sourceTree = BUILT_PRODUCTS_DIR; };
		545DC8F6FB52F930E306F39C /* TrialTracker.swift */ = {isa = PBXFileReference; lastKnownFileType = sourcecode.swift; path = TrialTracker.swift; sourceTree = "<group>"; };
		7FF51B3E0128389B70FDB8C2 /* PresentationRemoteMacApp.swift */ = {isa = PBXFileReference; lastKnownFileType = sourcecode.swift; path = PresentationRemoteMacApp.swift; sourceTree = "<group>"; };
		9273CC1857345E5A39F66E70 /* PresentationRemoteiPhoneApp.swift */ = {isa = PBXFileReference; lastKnownFileType = sourcecode.swift; path = PresentationRemoteiPhoneApp.swift; sourceTree = "<group>"; };
		9D622639AAE664798131DBE8 /* SubscriptionManager.swift */ = {isa = PBXFileReference; lastKnownFileType = sourcecode.swift; path = SubscriptionManager.swift; sourceTree = "<group>"; };
		A7F5558556F73BD9D0E4CC00 /* RemoteCommand.swift */ = {isa = PBXFileReference; lastKnownFileType = sourcecode.swift; path = RemoteCommand.swift; sourceTree = "<group>"; };
		C62DDB26AE1C5B0B805603A4 /* KeystrokeSender.swift */ = {isa = PBXFileReference; lastKnownFileType = sourcecode.swift; path = KeystrokeSender.swift; sourceTree = "<group>"; };
		CE0755ADB94F64C4573E4472 /* SubscriptionStatus.swift */ = {isa = PBXFileReference; lastKnownFileType = sourcecode.swift; path = SubscriptionStatus.swift; sourceTree = "<group>"; };
		E892F528E1E6138EA22D02BF /* Assets.xcassets */ = {isa = PBXFileReference; lastKnownFileType = folder.assetcatalog; path = Assets.xcassets; sourceTree = "<group>"; };
		F13C37854B2C28052D02654E /* PresentationTimer.swift */ = {isa = PBXFileReference; lastKnownFileType = sourcecode.swift; path = PresentationTimer.swift; sourceTree = "<group>"; };
/* End PBXFileReference section */

/* Begin PBXGroup section */
		11261F4A261D354DD6D65C97 /* Shared */ = {
			isa = PBXGroup;
			children = (
				A7F5558556F73BD9D0E4CC00 /* RemoteCommand.swift */,
			);
			path = Shared;
			sourceTree = "<group>";
		};
		7AB487DF66B5C66CB0841116 = {
			isa = PBXGroup;
			children = (
				DCDFD8AE42F378158E47B9D7 /* iPhoneApp */,
				D0C1A56696E1FF99FAAA8546 /* MacApp */,
				11261F4A261D354DD6D65C97 /* Shared */,
				9154E8D3C70C48FD7A00B3A8 /* Products */,
			);
			sourceTree = "<group>";
		};
		9154E8D3C70C48FD7A00B3A8 /* Products */ = {
			isa = PBXGroup;
			children = (
				13B706B9645E7BBBE3822D74 /* ClickeriOS.app */,
				4D141D33DB4614EA15B3C3A7 /* ClickerMac.app */,
			);
			name = Products;
			sourceTree = "<group>";
		};
		D0C1A56696E1FF99FAAA8546 /* MacApp */ = {
			isa = PBXGroup;
			children = (
				29A317F5BD53B10BAFB24A18 /* Assets.xcassets */,
				C62DDB26AE1C5B0B805603A4 /* KeystrokeSender.swift */,
				1FCEF57C347E0C25B203339B /* MacConnectionManager.swift */,
				7FF51B3E0128389B70FDB8C2 /* PresentationRemoteMacApp.swift */,
			);
			path = MacApp;
			sourceTree = "<group>";
		};
		DCDFD8AE42F378158E47B9D7 /* iPhoneApp */ = {
			isa = PBXGroup;
			children = (
				E892F528E1E6138EA22D02BF /* Assets.xcassets */,
				0536DC76CB56D17D38CE4967 /* iPhoneConnectionManager.swift */,
				2C8441DEAF646603BD39313A /* PaywallView.swift */,
				9273CC1857345E5A39F66E70 /* PresentationRemoteiPhoneApp.swift */,
				F13C37854B2C28052D02654E /* PresentationTimer.swift */,
				9D622639AAE664798131DBE8 /* SubscriptionManager.swift */,
				CE0755ADB94F64C4573E4472 /* SubscriptionStatus.swift */,
				545DC8F6FB52F930E306F39C /* TrialTracker.swift */,
			);
			path = iPhoneApp;
			sourceTree = "<group>";
		};
/* End PBXGroup section */

/* Begin PBXNativeTarget section */
		12F2C17F7695A6DE0C4B8479 /* ClickerMac */ = {
			isa = PBXNativeTarget;
			buildConfigurationList = AFE3EA9CE5BEC6A433AF5C11 /* Build configuration list for PBXNativeTarget "ClickerMac" */;
			buildPhases = (
				84A240203BE60C150A4E21A7 /* Sources */,
				5272749FE57F6842F6BED364 /* Resources */,
			);
			buildRules = (
			);
			dependencies = (
			);
			name = ClickerMac;
			packageProductDependencies = (
			);
			productName = ClickerMac;
			productReference = 4D141D33DB4614EA15B3C3A7 /* ClickerMac.app */;
			productType = "com.apple.product-type.application";
		};
		D428FFCFA37535BEFA1A5427 /* ClickeriOS */ = {
			isa = PBXNativeTarget;
			buildConfigurationList = 1D082A0838CE7651B2517F95 /* Build configuration list for PBXNativeTarget "ClickeriOS" */;
			buildPhases = (
				4C22A2EEC2655828680292A1 /* Sources */,
				DBE0B36AE96190D5BD159802 /* Resources */,
			);
			buildRules = (
			);
			dependencies = (
			);
			name = ClickeriOS;
			packageProductDependencies = (
			);
			productName = ClickeriOS;
			productReference = 13B706B9645E7BBBE3822D74 /* ClickeriOS.app */;
			productType = "com.apple.product-type.application";
		};
/* End PBXNativeTarget section */

/* Begin PBXProject section */
		17EDD9E4BD2DCA9112B6AD8F /* Project object */ = {
			isa = PBXProject;
			attributes = {
				BuildIndependentTargetsInParallel = YES;
				LastUpgradeCheck = 1600;
				TargetAttributes = {
					12F2C17F7695A6DE0C4B8479 = {
						DevelopmentTeam = HD35YQ72U4;
						ProvisioningStyle = Automatic;
					};
					D428FFCFA37535BEFA1A5427 = {
						DevelopmentTeam = HD35YQ72U4;
						ProvisioningStyle = Automatic;
					};
				};
			};
			buildConfigurationList = F8657E3A8FAFAC745F72D5C1 /* Build configuration list for PBXProject "Clicker" */;
			compatibilityVersion = "Xcode 14.0";
			developmentRegion = en;
			hasScannedForEncodings = 0;
			knownRegions = (
				Base,
				en,
			);
			mainGroup = 7AB487DF66B5C66CB0841116;
			minimizedProjectReferenceProxies = 1;
			preferredProjectObjectVersion = 77;
			projectDirPath = "";
			projectRoot = "";
			targets = (
				12F2C17F7695A6DE0C4B8479 /* ClickerMac */,
				D428FFCFA37535BEFA1A5427 /* ClickeriOS */,
			);
		};
/* End PBXProject section */

/* Begin PBXResourcesBuildPhase section */
		5272749FE57F6842F6BED364 /* Resources */ = {
			isa = PBXResourcesBuildPhase;
			buildActionMask = 2147483647;
			files = (
				A231896F9556614CDA55DA88 /* Assets.xcassets in Resources */,
			);
			runOnlyForDeploymentPostprocessing = 0;
		};
		DBE0B36AE96190D5BD159802 /* Resources */ = {
			isa = PBXResourcesBuildPhase;
			buildActionMask = 2147483647;
			files = (
				3B5B1976029E96F1DAC73714 /* Assets.xcassets in Resources */,
			);
			runOnlyForDeploymentPostprocessing = 0;
		};
/* End PBXResourcesBuildPhase section */

/* Begin PBXSourcesBuildPhase section */
		4C22A2EEC2655828680292A1 /* Sources */ = {
			isa = PBXSourcesBuildPhase;
			buildActionMask = 2147483647;
			files = (
				B7440A8D7607A01AEE7B8C2C /* PaywallView.swift in Sources */,
				708773B36987594A56DB6BCA /* PresentationRemoteiPhoneApp.swift in Sources */,
				DA8D7CB6F683BB3186215F63 /* PresentationTimer.swift in Sources */,
				47215779765AF2AED56305A0 /* RemoteCommand.swift in Sources */,
				9EC735EED3C5D1F9A5785CB1 /* SubscriptionManager.swift in Sources */,
				5A3160CC9FF75E3A124573B5 /* SubscriptionStatus.swift in Sources */,
				F92EF6511FAA8AC06BC791A0 /* TrialTracker.swift in Sources */,
				6607F2F360BB1A401D0923EC /* iPhoneConnectionManager.swift in Sources */,
			);
			runOnlyForDeploymentPostprocessing = 0;
		};
		84A240203BE60C150A4E21A7 /* Sources */ = {
			isa = PBXSourcesBuildPhase;
			buildActionMask = 2147483647;
			files = (
				81B6CFB949406AD25A7D3F27 /* KeystrokeSender.swift in Sources */,
				EE58FC6753DBB5B13C18F9A9 /* MacConnectionManager.swift in Sources */,
				9F0BDD5FF61D75E8EF516B1D /* PresentationRemoteMacApp.swift in Sources */,
				F07DE7217F3053732713ACEE /* RemoteCommand.swift in Sources */,
			);
			runOnlyForDeploymentPostprocessing = 0;
		};
/* End PBXSourcesBuildPhase section */

/* Begin XCBuildConfiguration section */
		51D152F1700839A880808955 /* Debug */ = {
			isa = XCBuildConfiguration;
			buildSettings = {
				ASSETCATALOG_COMPILER_APPICON_NAME = AppIcon;
				CODE_SIGN_IDENTITY = "iPhone Developer";
				CODE_SIGN_STYLE = Automatic;
				DEVELOPMENT_TEAM = HD35YQ72U4;
				INFOPLIST_FILE = iPhoneApp/Info.plist;
				IPHONEOS_DEPLOYMENT_TARGET = 18.0;
				LD_RUNPATH_SEARCH_PATHS = (
					"$(inherited)",
					"@executable_path/Frameworks",
				);
				PRODUCT_BUNDLE_IDENTIFIER = "com.dou.clicker-ios";
				PRODUCT_NAME = Clicker;
				SDKROOT = iphoneos;
				SUPPORTS_MAC_DESIGNED_FOR_IPHONE = NO;
				TARGETED_DEVICE_FAMILY = 1;
			};
			name = Debug;
		};
		997900E212FF768B96A15B8E /* Release */ = {
			isa = XCBuildConfiguration;
			buildSettings = {
				ASSETCATALOG_COMPILER_APPICON_NAME = AppIcon;
				CODE_SIGN_IDENTITY = "iPhone Developer";
				CODE_SIGN_STYLE = Automatic;
				DEVELOPMENT_TEAM = HD35YQ72U4;
				INFOPLIST_FILE = iPhoneApp/Info.plist;
				IPHONEOS_DEPLOYMENT_TARGET = 18.0;
				LD_RUNPATH_SEARCH_PATHS = (
					"$(inherited)",
					"@executable_path/Frameworks",
				);
				PRODUCT_BUNDLE_IDENTIFIER = "com.dou.clicker-ios";
				PRODUCT_NAME = Clicker;
				SDKROOT = iphoneos;
				SUPPORTS_MAC_DESIGNED_FOR_IPHONE = NO;
				TARGETED_DEVICE_FAMILY = 1;
			};
			name = Release;
		};
		9B986FBDD586C32FE1C09AD0 /* Debug */ = {
			isa = XCBuildConfiguration;
			buildSettings = {
				ASSETCATALOG_COMPILER_APPICON_NAME = AppIcon;
				CODE_SIGN_ENTITLEMENTS = MacApp/ClickerMac.entitlements;
				CODE_SIGN_STYLE = Automatic;
				COMBINE_HIDPI_IMAGES = YES;
				DEVELOPMENT_TEAM = HD35YQ72U4;
				INFOPLIST_FILE = MacApp/Info.plist;
				LD_RUNPATH_SEARCH_PATHS = (
					"$(inherited)",
					"@executable_path/../Frameworks",
				);
				MACOSX_DEPLOYMENT_TARGET = 14.0;
				PRODUCT_BUNDLE_IDENTIFIER = "com.dou.clicker-mac";
				PRODUCT_NAME = Clicker;
				SDKROOT = macosx;
			};
			name = Debug;
		};
		A8CB4C28FF171819FA1294D9 /* Release */ = {
			isa = XCBuildConfiguration;
			buildSettings = {
				ALWAYS_SEARCH_USER_PATHS = NO;
				CLANG_ANALYZER_NONNULL = YES;
				CLANG_ANALYZER_NUMBER_OBJECT_CONVERSION = YES_AGGRESSIVE;
				CLANG_CXX_LANGUAGE_STANDARD = "gnu++14";
				CLANG_CXX_LIBRARY = "libc++";
				CLANG_ENABLE_MODULES = YES;
				CLANG_ENABLE_OBJC_ARC = YES;
				CLANG_ENABLE_OBJC_WEAK = YES;
				CLANG_WARN_BLOCK_CAPTURE_AUTORELEASING = YES;
				CLANG_WARN_BOOL_CONVERSION = YES;
				CLANG_WARN_COMMA = YES;
				CLANG_WARN_CONSTANT_CONVERSION = YES;
				CLANG_WARN_DEPRECATED_OBJC_IMPLEMENTATIONS = YES;
				CLANG_WARN_DIRECT_OBJC_ISA_USAGE = YES_ERROR;
				CLANG_WARN_DOCUMENTATION_COMMENTS = YES;
				CLANG_WARN_EMPTY_BODY = YES;
				CLANG_WARN_ENUM_CONVERSION = YES;
				CLANG_WARN_INFINITE_RECURSION = YES;
				CLANG_WARN_INT_CONVERSION = YES;
				CLANG_WARN_NON_LITERAL_NULL_CONVERSION = YES;
				CLANG_WARN_OBJC_IMPLICIT_RETAIN_SELF = YES;
				CLANG_WARN_OBJC_LITERAL_CONVERSION = YES;
				CLANG_WARN_OBJC_ROOT_CLASS = YES_ERROR;
				CLANG_WARN_QUOTED_INCLUDE_IN_FRAMEWORK_HEADER = YES;
				CLANG_WARN_RANGE_LOOP_ANALYSIS = YES;
				CLANG_WARN_STRICT_PROTOTYPES = YES;
				CLANG_WARN_SUSPICIOUS_MOVE = YES;
				CLANG_WARN_UNGUARDED_AVAILABILITY = YES_AGGRESSIVE;
				CLANG_WARN_UNREACHABLE_CODE = YES;
				CLANG_WARN__DUPLICATE_METHOD_MATCH = YES;
				COPY_PHASE_STRIP = NO;
				DEBUG_INFORMATION_FORMAT = "dwarf-with-dsym";
				ENABLE_NS_ASSERTIONS = NO;
				ENABLE_STRICT_OBJC_MSGSEND = YES;
				ENABLE_USER_SCRIPT_SANDBOXING = NO;
				GCC_C_LANGUAGE_STANDARD = gnu11;
				GCC_NO_COMMON_BLOCKS = YES;
				GCC_WARN_64_TO_32_BIT_CONVERSION = YES;
				GCC_WARN_ABOUT_RETURN_TYPE = YES_ERROR;
				GCC_WARN_UNDECLARED_SELECTOR = YES;
				GCC_WARN_UNINITIALIZED_AUTOS = YES_AGGRESSIVE;
				GCC_WARN_UNUSED_FUNCTION = YES;
				GCC_WARN_UNUSED_VARIABLE = YES;
				IPHONEOS_DEPLOYMENT_TARGET = 18.0;
				MACOSX_DEPLOYMENT_TARGET = 14.0;
				MTL_ENABLE_DEBUG_INFO = NO;
				MTL_FAST_MATH = YES;
				PRODUCT_NAME = "$(TARGET_NAME)";
				SWIFT_COMPILATION_MODE = wholemodule;
				SWIFT_OPTIMIZATION_LEVEL = "-O";
				SWIFT_VERSION = 5.9;
			};
			name = Release;
		};
		C7FAB850A10E9BBEC8BF8186 /* Release */ = {
			isa = XCBuildConfiguration;
			buildSettings = {
				ASSETCATALOG_COMPILER_APPICON_NAME = AppIcon;
				CODE_SIGN_ENTITLEMENTS = MacApp/ClickerMac.entitlements;
				CODE_SIGN_STYLE = Automatic;
				COMBINE_HIDPI_IMAGES = YES;
				DEVELOPMENT_TEAM = HD35YQ72U4;
				INFOPLIST_FILE = MacApp/Info.plist;
				LD_RUNPATH_SEARCH_PATHS = (
					"$(inherited)",
					"@executable_path/../Frameworks",
				);
				MACOSX_DEPLOYMENT_TARGET = 14.0;
				PRODUCT_BUNDLE_IDENTIFIER = "com.dou.clicker-mac";
				PRODUCT_NAME = Clicker;
				SDKROOT = macosx;
			};
			name = Release;
		};
		EEBD9E0B44EDFF411A590A11 /* Debug */ = {
			isa = XCBuildConfiguration;
			buildSettings = {
				ALWAYS_SEARCH_USER_PATHS = NO;
				CLANG_ANALYZER_NONNULL = YES;
				CLANG_ANALYZER_NUMBER_OBJECT_CONVERSION = YES_AGGRESSIVE;
				CLANG_CXX_LANGUAGE_STANDARD = "gnu++14";
				CLANG_CXX_LIBRARY = "libc++";
				CLANG_ENABLE_MODULES = YES;
				CLANG_ENABLE_OBJC_ARC = YES;
				CLANG_ENABLE_OBJC_WEAK = YES;
				CLANG_WARN_BLOCK_CAPTURE_AUTORELEASING = YES;
				CLANG_WARN_BOOL_CONVERSION = YES;
				CLANG_WARN_COMMA = YES;
				CLANG_WARN_CONSTANT_CONVERSION = YES;
				CLANG_WARN_DEPRECATED_OBJC_IMPLEMENTATIONS = YES;
				CLANG_WARN_DIRECT_OBJC_ISA_USAGE = YES_ERROR;
				CLANG_WARN_DOCUMENTATION_COMMENTS = YES;
				CLANG_WARN_EMPTY_BODY = YES;
				CLANG_WARN_ENUM_CONVERSION = YES;
				CLANG_WARN_INFINITE_RECURSION = YES;
				CLANG_WARN_INT_CONVERSION = YES;
				CLANG_WARN_NON_LITERAL_NULL_CONVERSION = YES;
				CLANG_WARN_OBJC_IMPLICIT_RETAIN_SELF = YES;
				CLANG_WARN_OBJC_LITERAL_CONVERSION = YES;
				CLANG_WARN_OBJC_ROOT_CLASS = YES_ERROR;
				CLANG_WARN_QUOTED_INCLUDE_IN_FRAMEWORK_HEADER = YES;
				CLANG_WARN_RANGE_LOOP_ANALYSIS = YES;
				CLANG_WARN_STRICT_PROTOTYPES = YES;
				CLANG_WARN_SUSPICIOUS_MOVE = YES;
				CLANG_WARN_UNGUARDED_AVAILABILITY = YES_AGGRESSIVE;
				CLANG_WARN_UNREACHABLE_CODE = YES;
				CLANG_WARN__DUPLICATE_METHOD_MATCH = YES;
				COPY_PHASE_STRIP = NO;
				DEBUG_INFORMATION_FORMAT = dwarf;
				ENABLE_STRICT_OBJC_MSGSEND = YES;
				ENABLE_TESTABILITY = YES;
				ENABLE_USER_SCRIPT_SANDBOXING = NO;
				GCC_C_LANGUAGE_STANDARD = gnu11;
				GCC_DYNAMIC_NO_PIC = NO;
				GCC_NO_COMMON_BLOCKS = YES;
				GCC_OPTIMIZATION_LEVEL = 0;
				GCC_PREPROCESSOR_DEFINITIONS = (
					"$(inherited)",
					"DEBUG=1",
				);
				GCC_WARN_64_TO_32_BIT_CONVERSION = YES;
				GCC_WARN_ABOUT_RETURN_TYPE = YES_ERROR;
				GCC_WARN_UNDECLARED_SELECTOR = YES;
				GCC_WARN_UNINITIALIZED_AUTOS = YES_AGGRESSIVE;
				GCC_WARN_UNUSED_FUNCTION = YES;
				GCC_WARN_UNUSED_VARIABLE = YES;
				IPHONEOS_DEPLOYMENT_TARGET = 18.0;
				MACOSX_DEPLOYMENT_TARGET = 14.0;
				MTL_ENABLE_DEBUG_INFO = INCLUDE_SOURCE;
				MTL_FAST_MATH = YES;
				ONLY_ACTIVE_ARCH = YES;
				PRODUCT_NAME = "$(TARGET_NAME)";
				SWIFT_ACTIVE_COMPILATION_CONDITIONS = DEBUG;
				SWIFT_OPTIMIZATION_LEVEL = "-Onone";
				SWIFT_VERSION = 5.9;
			};
			name = Debug;
		};
/* End XCBuildConfiguration section */

/* Begin XCConfigurationList section */
		1D082A0838CE7651B2517F95 /* Build configuration list for PBXNativeTarget "ClickeriOS" */ = {
			isa = XCConfigurationList;
			buildConfigurations = (
				51D152F1700839A880808955 /* Debug */,
				997900E212FF768B96A15B8E /* Release */,
			);
			defaultConfigurationIsVisible = 0;
			defaultConfigurationName = Debug;
		};
		AFE3EA9CE5BEC6A433AF5C11 /* Build configuration list for PBXNativeTarget "ClickerMac" */ = {
			isa = XCConfigurationList;
			buildConfigurations = (
				9B986FBDD586C32FE1C09AD0 /* Debug */,
				C7FAB850A10E9BBEC8BF8186 /* Release */,
			);
			defaultConfigurationIsVisible = 0;
			defaultConfigurationName = Debug;
		};
		F8657E3A8FAFAC745F72D5C1 /* Build configuration list for PBXProject "Clicker" */ = {
			isa = XCConfigurationList;
			buildConfigurations = (
				EEBD9E0B44EDFF411A590A11 /* Debug */,
				A8CB4C28FF171819FA1294D9 /* Release */,
			);
			defaultConfigurationIsVisible = 0;
			defaultConfigurationName = Debug;
		};
/* End XCConfigurationList section */
	};
	rootObject = 17EDD9E4BD2DCA9112B6AD8F /* Project object */;
}
